{
  "name": "sig",
  "version": "0.0.0",
  "lockfileVersion": 2,
  "requires": true,
  "packages": {
    "": {
      "name": "sig",
      "version": "0.0.0",
      "license": "MIT",
      "dependencies": {
        "argumentate": "^2.0.0"
      }
    },
    "node_modules/argumentate": {
      "version": "2.0.0",
      "resolved": "https://registry.npmjs.org/argumentate/-/argumentate-2.0.0.tgz",
      "integrity": "sha512-YOBkBGOkPQB0C1+gScNXKy/i1AxeRGwk4C9hNL1ryd03GKBxvXOQI6wa8VFGGJlfHc6V/VaYpb4fpDbYlVI0Vw=="
    }
  },
  "dependencies": {
    "argumentate": {
      "version": "2.0.0",
      "resolved": "https://registry.npmjs.org/argumentate/-/argumentate-2.0.0.tgz",
      "integrity": "sha512-YOBkBGOkPQB0C1+gScNXKy/i1AxeRGwk4C9hNL1ryd03GKBxvXOQI6wa8VFGGJlfHc6V/VaYpb4fpDbYlVI0Vw=="
    }
  }
}
